
Microsoft Visual Studio Solution File, Format Version 12.00
# Visual Studio 15
Project("{FAE04EC0-301F-11D3-BF4B-00C04F79EFBC}") = "PlayFab", "PlayFab.csproj", "{58D727DD-1854-520B-3F88-46624C832D10}"
EndProject
Project("{FAE04EC0-301F-11D3-BF4B-00C04F79EFBC}") = "PhotonUnityNetworking.Demos", "PhotonUnityNetworking.Demos.csproj", "{8C8CFACA-39D6-7738-51F7-F4D684B1367C}"
EndProject
Project("{FAE04EC0-301F-11D3-BF4B-00C04F79EFBC}") = "PhotonUnityNetworking.Utilities", "PhotonUnityNetworking.Utilities.csproj", "{0F2228F3-84FD-14E2-8DC8-6E3C8DF4C7BB}"
EndProject
Project("{FAE04EC0-301F-11D3-BF4B-00C04F79EFBC}") = "PhotonChat", "PhotonChat.csproj", "{059848BD-E878-133F-6AC7-7E18E8EB2B36}"
EndProject
Project("{FAE04EC0-301F-11D3-BF4B-00C04F79EFBC}") = "PhotonUnityNetworking", "PhotonUnityNetworking.csproj", "{9D0D5E23-4F9A-CD54-7E4D-8848107AFD5D}"
EndProject
Project("{FAE04EC0-301F-11D3-BF4B-00C04F79EFBC}") = "Assembly-CSharp", "Assembly-CSharp.csproj", "{95DCD094-D26C-6971-D9A6-50D53CEFFDB6}"
EndProject
Project("{FAE04EC0-301F-11D3-BF4B-00C04F79EFBC}") = "PhotonRealtime", "PhotonRealtime.csproj", "{C316DC9C-F02E-CDDC-EB43-447154496197}"
EndProject
Project("{FAE04EC0-301F-11D3-BF4B-00C04F79EFBC}") = "PhotonWebSocket", "PhotonWebSocket.csproj", "{5D5C6EF8-DCEC-551C-9BBE-16E14157D1A7}"
EndProject
Project("{FAE04EC0-301F-11D3-BF4B-00C04F79EFBC}") = "PlayFabEditorExtensions", "PlayFabEditorExtensions.csproj", "{B1598B37-3AC2-DBA5-04C9-791E4C4FCF6B}"
EndProject
Project("{FAE04EC0-301F-11D3-BF4B-00C04F79EFBC}") = "PhotonUnityNetworking.Editor", "PhotonUnityNetworking.Editor.csproj", "{6B821D44-0C20-5BC6-3EAD-28D8D81C654E}"
EndProject
Project("{FAE04EC0-301F-11D3-BF4B-00C04F79EFBC}") = "PunDemos.DemoHubEditor", "PunDemos.DemoHubEditor.csproj", "{FB25445B-0EDD-1185-E24A-4783BCD03EE7}"
EndProject
Project("{FAE04EC0-301F-11D3-BF4B-00C04F79EFBC}") = "PhotonUnityNetworking.Utilities.PhotonPlayer.Editor", "PhotonUnityNetworking.Utilities.PhotonPlayer.Editor.csproj", "{AB61A9F0-97E3-CA50-79E2-9C1B6866EF22}"
EndProject
Project("{FAE04EC0-301F-11D3-BF4B-00C04F79EFBC}") = "PhotonUnityNetworking.Utilities.Culling.Editor", "PhotonUnityNetworking.Utilities.Culling.Editor.csproj", "{3DF7946D-3426-8E81-D0F2-FA339E0B884A}"
EndProject
Project("{FAE04EC0-301F-11D3-BF4B-00C04F79EFBC}") = "PunDemos.DemoSlotcarEditor", "PunDemos.DemoSlotcarEditor.csproj", "{7504365E-F582-BE99-9DAD-A3FDA264F665}"
EndProject
Project("{FAE04EC0-301F-11D3-BF4B-00C04F79EFBC}") = "PlayFabSDKEditor", "PlayFabSDKEditor.csproj", "{8260AC64-76BC-E46D-8697-700340BCC914}"
EndProject
Global
	GlobalSection(SolutionConfigurationPlatforms) = preSolution
		Debug|Any CPU = Debug|Any CPU
		Release|Any CPU = Release|Any CPU
	EndGlobalSection
	GlobalSection(ProjectConfigurationPlatforms) = postSolution
		{58D727DD-1854-520B-3F88-46624C832D10}.Debug|Any CPU.ActiveCfg = Debug|Any CPU
		{58D727DD-1854-520B-3F88-46624C832D10}.Debug|Any CPU.Build.0 = Debug|Any CPU
		{58D727DD-1854-520B-3F88-46624C832D10}.Release|Any CPU.ActiveCfg = Release|Any CPU
		{58D727DD-1854-520B-3F88-46624C832D10}.Release|Any CPU.Build.0 = Release|Any CPU
		{8C8CFACA-39D6-7738-51F7-F4D684B1367C}.Debug|Any CPU.ActiveCfg = Debug|Any CPU
		{8C8CFACA-39D6-7738-51F7-F4D684B1367C}.Debug|Any CPU.Build.0 = Debug|Any CPU
		{8C8CFACA-39D6-7738-51F7-F4D684B1367C}.Release|Any CPU.ActiveCfg = Release|Any CPU
		{8C8CFACA-39D6-7738-51F7-F4D684B1367C}.Release|Any CPU.Build.0 = Release|Any CPU
		{0F2228F3-84FD-14E2-8DC8-6E3C8DF4C7BB}.Debug|Any CPU.ActiveCfg = Debug|Any CPU
		{0F2228F3-84FD-14E2-8DC8-6E3C8DF4C7BB}.Debug|Any CPU.Build.0 = Debug|Any CPU
		{0F2228F3-84FD-14E2-8DC8-6E3C8DF4C7BB}.Release|Any CPU.ActiveCfg = Release|Any CPU
		{0F2228F3-84FD-14E2-8DC8-6E3C8DF4C7BB}.Release|Any CPU.Build.0 = Release|Any CPU
		{059848BD-E878-133F-6AC7-7E18E8EB2B36}.Debug|Any CPU.ActiveCfg = Debug|Any CPU
		{059848BD-E878-133F-6AC7-7E18E8EB2B36}.Debug|Any CPU.Build.0 = Debug|Any CPU
		{059848BD-E878-133F-6AC7-7E18E8EB2B36}.Release|Any CPU.ActiveCfg = Release|Any CPU
		{059848BD-E878-133F-6AC7-7E18E8EB2B36}.Release|Any CPU.Build.0 = Release|Any CPU
		{9D0D5E23-4F9A-CD54-7E4D-8848107AFD5D}.Debug|Any CPU.ActiveCfg = Debug|Any CPU
		{9D0D5E23-4F9A-CD54-7E4D-8848107AFD5D}.Debug|Any CPU.Build.0 = Debug|Any CPU
		{9D0D5E23-4F9A-CD54-7E4D-8848107AFD5D}.Release|Any CPU.ActiveCfg = Release|Any CPU
		{9D0D5E23-4F9A-CD54-7E4D-8848107AFD5D}.Release|Any CPU.Build.0 = Release|Any CPU
		{95DCD094-D26C-6971-D9A6-50D53CEFFDB6}.Debug|Any CPU.ActiveCfg = Debug|Any CPU
		{95DCD094-D26C-6971-D9A6-50D53CEFFDB6}.Debug|Any CPU.Build.0 = Debug|Any CPU
		{95DCD094-D26C-6971-D9A6-50D53CEFFDB6}.Release|Any CPU.ActiveCfg = Release|Any CPU
		{95DCD094-D26C-6971-D9A6-50D53CEFFDB6}.Release|Any CPU.Build.0 = Release|Any CPU
		{C316DC9C-F02E-CDDC-EB43-447154496197}.Debug|Any CPU.ActiveCfg = Debug|Any CPU
		{C316DC9C-F02E-CDDC-EB43-447154496197}.Debug|Any CPU.Build.0 = Debug|Any CPU
		{C316DC9C-F02E-CDDC-EB43-447154496197}.Release|Any CPU.ActiveCfg = Release|Any CPU
		{C316DC9C-F02E-CDDC-EB43-447154496197}.Release|Any CPU.Build.0 = Release|Any CPU
		{5D5C6EF8-DCEC-551C-9BBE-16E14157D1A7}.Debug|Any CPU.ActiveCfg = Debug|Any CPU
		{5D5C6EF8-DCEC-551C-9BBE-16E14157D1A7}.Debug|Any CPU.Build.0 = Debug|Any CPU
		{5D5C6EF8-DCEC-551C-9BBE-16E14157D1A7}.Release|Any CPU.ActiveCfg = Release|Any CPU
		{5D5C6EF8-DCEC-551C-9BBE-16E14157D1A7}.Release|Any CPU.Build.0 = Release|Any CPU
		{B1598B37-3AC2-DBA5-04C9-791E4C4FCF6B}.Debug|Any CPU.ActiveCfg = Debug|Any CPU
		{B1598B37-3AC2-DBA5-04C9-791E4C4FCF6B}.Debug|Any CPU.Build.0 = Debug|Any CPU
		{B1598B37-3AC2-DBA5-04C9-791E4C4FCF6B}.Release|Any CPU.ActiveCfg = Release|Any CPU
		{B1598B37-3AC2-DBA5-04C9-791E4C4FCF6B}.Release|Any CPU.Build.0 = Release|Any CPU
		{6B821D44-0C20-5BC6-3EAD-28D8D81C654E}.Debug|Any CPU.ActiveCfg = Debug|Any CPU
		{6B821D44-0C20-5BC6-3EAD-28D8D81C654E}.Debug|Any CPU.Build.0 = Debug|Any CPU
		{6B821D44-0C20-5BC6-3EAD-28D8D81C654E}.Release|Any CPU.ActiveCfg = Release|Any CPU
		{6B821D44-0C20-5BC6-3EAD-28D8D81C654E}.Release|Any CPU.Build.0 = Release|Any CPU
		{FB25445B-0EDD-1185-E24A-4783BCD03EE7}.Debug|Any CPU.ActiveCfg = Debug|Any CPU
		{FB25445B-0EDD-1185-E24A-4783BCD03EE7}.Debug|Any CPU.Build.0 = Debug|Any CPU
		{FB25445B-0EDD-1185-E24A-4783BCD03EE7}.Release|Any CPU.ActiveCfg = Release|Any CPU
		{FB25445B-0EDD-1185-E24A-4783BCD03EE7}.Release|Any CPU.Build.0 = Release|Any CPU
		{AB61A9F0-97E3-CA50-79E2-9C1B6866EF22}.Debug|Any CPU.ActiveCfg = Debug|Any CPU
		{AB61A9F0-97E3-CA50-79E2-9C1B6866EF22}.Debug|Any CPU.Build.0 = Debug|Any CPU
		{AB61A9F0-97E3-CA50-79E2-9C1B6866EF22}.Release|Any CPU.ActiveCfg = Release|Any CPU
		{AB61A9F0-97E3-CA50-79E2-9C1B6866EF22}.Release|Any CPU.Build.0 = Release|Any CPU
		{3DF7946D-3426-8E81-D0F2-FA339E0B884A}.Debug|Any CPU.ActiveCfg = Debug|Any CPU
		{3DF7946D-3426-8E81-D0F2-FA339E0B884A}.Debug|Any CPU.Build.0 = Debug|Any CPU
		{3DF7946D-3426-8E81-D0F2-FA339E0B884A}.Release|Any CPU.ActiveCfg = Release|Any CPU
		{3DF7946D-3426-8E81-D0F2-FA339E0B884A}.Release|Any CPU.Build.0 = Release|Any CPU
		{7504365E-F582-BE99-9DAD-A3FDA264F665}.Debug|Any CPU.ActiveCfg = Debug|Any CPU
		{7504365E-F582-BE99-9DAD-A3FDA264F665}.Debug|Any CPU.Build.0 = Debug|Any CPU
		{7504365E-F582-BE99-9DAD-A3FDA264F665}.Release|Any CPU.ActiveCfg = Release|Any CPU
		{7504365E-F582-BE99-9DAD-A3FDA264F665}.Release|Any CPU.Build.0 = Release|Any CPU
		{8260AC64-76BC-E46D-8697-700340BCC914}.Debug|Any CPU.ActiveCfg = Debug|Any CPU
		{8260AC64-76BC-E46D-8697-700340BCC914}.Debug|Any CPU.Build.0 = Debug|Any CPU
		{8260AC64-76BC-E46D-8697-700340BCC914}.Release|Any CPU.ActiveCfg = Release|Any CPU
		{8260AC64-76BC-E46D-8697-700340BCC914}.Release|Any CPU.Build.0 = Release|Any CPU
	EndGlobalSection
	GlobalSection(SolutionProperties) = preSolution
		HideSolutionNode = FALSE
	EndGlobalSection
	GlobalSection(MonoDevelopProperties) = preSolution
		StartupItem = Assembly-CSharp.csproj
	EndGlobalSection
EndGlobal
